
Microsoft Visual Studio Solution File, Format Version 12.00
# Visual Studio Version 17
VisualStudioVersion = 17.3.32825.248
MinimumVisualStudioVersion = 10.0.40219.1
Project("{FAE04EC0-301F-11D3-BF4B-00C04F79EFBC}") = "BookStore", "BookStore\BookStore.csproj", "{B0265F9C-D2E1-4403-B643-928A5AA6BC22}"
EndProject
Global
	GlobalSection(SolutionConfigurationPlatforms) = preSolution
		Debug|Any CPU = Debug|Any CPU
		Release|Any CPU = Release|Any CPU
	EndGlobalSection
	GlobalSection(ProjectConfigurationPlatforms) = postSolution
		{B0265F9C-D2E1-4403-B643-928A5AA6BC22}.Debug|Any CPU.ActiveCfg = Debug|Any CPU
		{B0265F9C-D2E1-4403-B643-928A5AA6BC22}.Debug|Any CPU.Build.0 = Debug|Any CPU
		{B0265F9C-D2E1-4403-B643-928A5AA6BC22}.Release|Any CPU.ActiveCfg = Release|Any CPU
		{B0265F9C-D2E1-4403-B643-928A5AA6BC22}.Release|Any CPU.Build.0 = Release|Any CPU
	EndGlobalSection
	GlobalSection(SolutionProperties) = preSolution
		HideSolutionNode = FALSE
	EndGlobalSection
	GlobalSection(ExtensibilityGlobals) = postSolution
		SolutionGuid = {38D33225-6A4D-448D-96C5-3BC5E8628E30}
	EndGlobalSection
EndGlobal
